{
  "name": "node-mustache-example",
  "version": "1.0.0",
  "lockfileVersion": 1,
  "requires": true,
  "dependencies": {
    "mustache": {
      "version": "2.3.1",
      "resolved": "https://registry.npmjs.org/mustache/-/mustache-2.3.1.tgz",
      "integrity": "sha512-20dW38oeiTzauvbxs1YxQbr3gbu/Lfo15J4V0EqbspYnn/GwSeTSDNtESy2nak28BW0k8qp7dnrFhrsejLPUtw==",
      "dev": true
    }
  }
}
